// !$*UTF8*$!
{
	archiveVersion = 1;
	classes = {
	};
	objectVersion = 50;
	objects = {

/* Begin PBXBuildFile section */
		84BBAE5D550DF9B000D52B6D /* Pods_Teecee_CoderUITests.framework in Frameworks */ = {isa = PBXBuildFile; fileRef = E0FA6E3FE01B1A33A9E9531D /* Pods_Teecee_CoderUITests.framework */; };
		C1B922AB7D48349B02C0A63A /* Pods_Teecee_CoderTests.framework in Frameworks */ = {isa = PBXBuildFile; fileRef = 87DAED5541418BE4151AB3DA /* Pods_Teecee_CoderTests.framework */; };
		D528246CA2DBD84AE1E89A6E /* Pods_Teecee_Coder.framework in Frameworks */ = {isa = PBXBuildFile; fileRef = F76DBF5C38BBF295C97C6F62 /* Pods_Teecee_Coder.framework */; };
		D5CDD97622950B03004D21FB /* AppDelegate.swift in Sources */ = {isa = PBXBuildFile; fileRef = D5CDD97522950B03004D21FB /* AppDelegate.swift */; };
		D5CDD97822950B03004D21FB /* ViewController.swift in Sources */ = {isa = PBXBuildFile; fileRef = D5CDD97722950B03004D21FB /* ViewController.swift */; };
		D5CDD97A22950B05004D21FB /* Assets.xcassets in Resources */ = {isa = PBXBuildFile; fileRef = D5CDD97922950B05004D21FB /* Assets.xcassets */; };
		D5CDD97D22950B05004D21FB /* Main.storyboard in Resources */ = {isa = PBXBuildFile; fileRef = D5CDD97B22950B05004D21FB /* Main.storyboard */; };
		D5CDD98922950B05004D21FB /* Teecee_CoderTests.swift in Sources */ = {isa = PBXBuildFile; fileRef = D5CDD98822950B05004D21FB /* Teecee_CoderTests.swift */; };
		D5CDD99422950B05004D21FB /* Teecee_CoderUITests.swift in Sources */ = {isa = PBXBuildFile; fileRef = D5CDD99322950B05004D21FB /* Teecee_CoderUITests.swift */; };
		D5FF014D229B7738004FFCB9 /* Reachability.swift in Sources */ = {isa = PBXBuildFile; fileRef = D5FF014C229B7738004FFCB9 /* Reachability.swift */; };
/* End PBXBuildFile section */

/* Begin PBXContainerItemProxy section */
		D5CDD98522950B05004D21FB /* PBXContainerItemProxy */ = {
			isa = PBXContainerItemProxy;
			containerPortal = D5CDD96A22950B03004D21FB /* Project object */;
			proxyType = 1;
			remoteGlobalIDString = D5CDD97122950B03004D21FB;
			remoteInfo = "Teecee-Coder";
		};
		D5CDD99022950B05004D21FB /* PBXContainerItemProxy */ = {
			isa = PBXContainerItemProxy;
			containerPortal = D5CDD96A22950B03004D21FB /* Project object */;
			proxyType = 1;
			remoteGlobalIDString = D5CDD97122950B03004D21FB;
			remoteInfo = "Teecee-Coder";
		};
/* End PBXContainerItemProxy section */

/* Begin PBXFileReference section */
		089A912BE064536E7B046A6D /* Pods-Teecee-CoderTests.debug.xcconfig */ = {isa = PBXFileReference; includeInIndex = 1; lastKnownFileType = text.xcconfig; name = "Pods-Teecee-CoderTests.debug.xcconfig"; path = "Pods/Target Support Files/Pods-Teecee-CoderTests/Pods-Teecee-CoderTests.debug.xcconfig"; sourceTree = "<group>"; };
		1B48FE51C87FF340369BC48C /* Pods-Teecee-CoderUITests.release.xcconfig */ = {isa = PBXFileReference; includeInIndex = 1; lastKnownFileType = text.xcconfig; name = "Pods-Teecee-CoderUITests.release.xcconfig"; path = "Pods/Target Support Files/Pods-Teecee-CoderUITests/Pods-Teecee-CoderUITests.release.xcconfig"; sourceTree = "<group>"; };
		2C82D153589524631950041A /* Pods-Teecee-CoderUITests.debug.xcconfig */ = {isa = PBXFileReference; includeInIndex = 1; lastKnownFileType = text.xcconfig; name = "Pods-Teecee-CoderUITests.debug.xcconfig"; path = "Pods/Target Support Files/Pods-Teecee-CoderUITests/Pods-Teecee-CoderUITests.debug.xcconfig"; sourceTree = "<group>"; };
		4B81722B3B19C9CEDACF4D34 /* Pods-Teecee-Coder.debug.xcconfig */ = {isa = PBXFileReference; includeInIndex = 1; lastKnownFileType = text.xcconfig; name = "Pods-Teecee-Coder.debug.xcconfig"; path = "Pods/Target Support Files/Pods-Teecee-Coder/Pods-Teecee-Coder.debug.xcconfig"; sourceTree = "<group>"; };
		5A8C7FBA0D1453A6FAB2BAF0 /* Pods-Teecee-CoderTests.release.xcconfig */ = {isa = PBXFileReference; includeInIndex = 1; lastKnownFileType = text.xcconfig; name = "Pods-Teecee-CoderTests.release.xcconfig"; path = "Pods/Target Support Files/Pods-Teecee-CoderTests/Pods-Teecee-CoderTests.release.xcconfig"; sourceTree = "<group>"; };
		87DAED5541418BE4151AB3DA /* Pods_Teecee_CoderTests.framework */ = {isa = PBXFileReference; explicitFileType = wrapper.framework; includeInIndex = 0; path = Pods_Teecee_CoderTests.framework; sourceTree = BUILT_PRODUCTS_DIR; };
		D5CDD97222950B03004D21FB /* Teecee-Coder.app */ = {isa = PBXFileReference; explicitFileType = wrapper.application; includeInIndex = 0; path = "Teecee-Coder.app"; sourceTree = BUILT_PRODUCTS_DIR; };
		D5CDD97522950B03004D21FB /* AppDelegate.swift */ = {isa = PBXFileReference; lastKnownFileType = sourcecode.swift; path = AppDelegate.swift; sourceTree = "<group>"; };
		D5CDD97722950B03004D21FB /* ViewController.swift */ = {isa = PBXFileReference; lastKnownFileType = sourcecode.swift; path = ViewController.swift; sourceTree = "<group>"; };
		D5CDD97922950B05004D21FB /* Assets.xcassets */ = {isa = PBXFileReference; lastKnownFileType = folder.assetcatalog; path = Assets.xcassets; sourceTree = "<group>"; };
		D5CDD97C22950B05004D21FB /* Base */ = {isa = PBXFileReference; lastKnownFileType = file.storyboard; name = Base; path = Base.lproj/Main.storyboard; sourceTree = "<group>"; };
		D5CDD97E22950B05004D21FB /* Info.plist */ = {isa = PBXFileReference; lastKnownFileType = text.plist.xml; path = Info.plist; sourceTree = "<group>"; };
		D5CDD97F22950B05004D21FB /* Teecee_Coder.entitlements */ = {isa = PBXFileReference; lastKnownFileType = text.plist.entitlements; path = Teecee_Coder.entitlements; sourceTree = "<group>"; };
		D5CDD98422950B05004D21FB /* Teecee-CoderTests.xctest */ = {isa = PBXFileReference; explicitFileType = wrapper.cfbundle; includeInIndex = 0; path = "Teecee-CoderTests.xctest"; sourceTree = BUILT_PRODUCTS_DIR; };
		D5CDD98822950B05004D21FB /* Teecee_CoderTests.swift */ = {isa = PBXFileReference; lastKnownFileType = sourcecode.swift; path = Teecee_CoderTests.swift; sourceTree = "<group>"; };
		D5CDD98A22950B05004D21FB /* Info.plist */ = {isa = PBXFileReference; lastKnownFileType = text.plist.xml; path = Info.plist; sourceTree = "<group>"; };
		D5CDD98F22950B05004D21FB /* Teecee-CoderUITests.xctest */ = {isa = PBXFileReference; explicitFileType = wrapper.cfbundle; includeInIndex = 0; path = "Teecee-CoderUITests.xctest"; sourceTree = BUILT_PRODUCTS_DIR; };
		D5CDD99322950B05004D21FB /* Teecee_CoderUITests.swift */ = {isa = PBXFileReference; lastKnownFileType = sourcecode.swift; path = Teecee_CoderUITests.swift; sourceTree = "<group>"; };
		D5CDD99522950B05004D21FB /* Info.plist */ = {isa = PBXFileReference; lastKnownFileType = text.plist.xml; path = Info.plist; sourceTree = "<group>"; };
		D5CDD9A12295E361004D21FB /* Teecee-Coder.entitlements */ = {isa = PBXFileReference; lastKnownFileType = text.plist.entitlements; path = "Teecee-Coder.entitlements"; sourceTree = "<group>"; };
		D5FF014C229B7738004FFCB9 /* Reachability.swift */ = {isa = PBXFileReference; lastKnownFileType = sourcecode.swift; path = Reachability.swift; sourceTree = "<group>"; };
		E0FA6E3FE01B1A33A9E9531D /* Pods_Teecee_CoderUITests.framework */ = {isa = PBXFileReference; explicitFileType = wrapper.framework; includeInIndex = 0; path = Pods_Teecee_CoderUITests.framework; sourceTree = BUILT_PRODUCTS_DIR; };
		F76DBF5C38BBF295C97C6F62 /* Pods_Teecee_Coder.framework */ = {isa = PBXFileReference; explicitFileType = wrapper.framework; includeInIndex = 0; path = Pods_Teecee_Coder.framework; sourceTree = BUILT_PRODUCTS_DIR; };
		FDC0B8E2C306BAD99BD52992 /* Pods-Teecee-Coder.release.xcconfig */ = {isa = PBXFileReference; includeInIndex = 1; lastKnownFileType = text.xcconfig; name = "Pods-Teecee-Coder.release.xcconfig"; path = "Pods/Target Support Files/Pods-Teecee-Coder/Pods-Teecee-Coder.release.xcconfig"; sourceTree = "<group>"; };
/* End PBXFileReference section */

/* Begin PBXFrameworksBuildPhase section */
		D5CDD96F22950B03004D21FB /* Frameworks */ = {
			isa = PBXFrameworksBuildPhase;
			buildActionMask = 2147483647;
			files = (
				D528246CA2DBD84AE1E89A6E /* Pods_Teecee_Coder.framework in Frameworks */,
			);
			runOnlyForDeploymentPostprocessing = 0;
		};
		D5CDD98122950B05004D21FB /* Frameworks */ = {
			isa = PBXFrameworksBuildPhase;
			buildActionMask = 2147483647;
			files = (
				C1B922AB7D48349B02C0A63A /* Pods_Teecee_CoderTests.framework in Frameworks */,
			);
			runOnlyForDeploymentPostprocessing = 0;
		};
		D5CDD98C22950B05004D21FB /* Frameworks */ = {
			isa = PBXFrameworksBuildPhase;
			buildActionMask = 2147483647;
			files = (
				84BBAE5D550DF9B000D52B6D /* Pods_Teecee_CoderUITests.framework in Frameworks */,
			);
			runOnlyForDeploymentPostprocessing = 0;
		};
/* End PBXFrameworksBuildPhase section */

/* Begin PBXGroup section */
		48C60FD289BA4F0AD69DD6F6 /* Pods */ = {
			isa = PBXGroup;
			children = (
				4B81722B3B19C9CEDACF4D34 /* Pods-Teecee-Coder.debug.xcconfig */,
				FDC0B8E2C306BAD99BD52992 /* Pods-Teecee-Coder.release.xcconfig */,
				089A912BE064536E7B046A6D /* Pods-Teecee-CoderTests.debug.xcconfig */,
				5A8C7FBA0D1453A6FAB2BAF0 /* Pods-Teecee-CoderTests.release.xcconfig */,
				2C82D153589524631950041A /* Pods-Teecee-CoderUITests.debug.xcconfig */,
				1B48FE51C87FF340369BC48C /* Pods-Teecee-CoderUITests.release.xcconfig */,
			);
			name = Pods;
			sourceTree = "<group>";
		};
		916DB22F21C916679BD6A849 /* Frameworks */ = {
			isa = PBXGroup;
			children = (
				F76DBF5C38BBF295C97C6F62 /* Pods_Teecee_Coder.framework */,
				87DAED5541418BE4151AB3DA /* Pods_Teecee_CoderTests.framework */,
				E0FA6E3FE01B1A33A9E9531D /* Pods_Teecee_CoderUITests.framework */,
			);
			name = Frameworks;
			sourceTree = "<group>";
		};
		D5CDD96922950B03004D21FB = {
			isa = PBXGroup;
			children = (
				D5CDD97422950B03004D21FB /* Teecee-Coder */,
				D5CDD98722950B05004D21FB /* Teecee-CoderTests */,
				D5CDD99222950B05004D21FB /* Teecee-CoderUITests */,
				D5CDD97322950B03004D21FB /* Products */,
				48C60FD289BA4F0AD69DD6F6 /* Pods */,
				916DB22F21C916679BD6A849 /* Frameworks */,
			);
			sourceTree = "<group>";
		};
		D5CDD97322950B03004D21FB /* Products */ = {
			isa = PBXGroup;
			children = (
				D5CDD97222950B03004D21FB /* Teecee-Coder.app */,
				D5CDD98422950B05004D21FB /* Teecee-CoderTests.xctest */,
				D5CDD98F22950B05004D21FB /* Teecee-CoderUITests.xctest */,
			);
			name = Products;
			sourceTree = "<group>";
		};
		D5CDD97422950B03004D21FB /* Teecee-Coder */ = {
			isa = PBXGroup;
			children = (
				D5CDD9A12295E361004D21FB /* Teecee-Coder.entitlements */,
				D5CDD97522950B03004D21FB /* AppDelegate.swift */,
				D5CDD97722950B03004D21FB /* ViewController.swift */,
				D5CDD97922950B05004D21FB /* Assets.xcassets */,
				D5CDD97B22950B05004D21FB /* Main.storyboard */,
				D5CDD97E22950B05004D21FB /* Info.plist */,
				D5CDD97F22950B05004D21FB /* Teecee_Coder.entitlements */,
				D5FF014C229B7738004FFCB9 /* Reachability.swift */,
			);
			path = "Teecee-Coder";
			sourceTree = "<group>";
		};
		D5CDD98722950B05004D21FB /* Teecee-CoderTests */ = {
			isa = PBXGroup;
			children = (
				D5CDD98822950B05004D21FB /* Teecee_CoderTests.swift */,
				D5CDD98A22950B05004D21FB /* Info.plist */,
			);
			path = "Teecee-CoderTests";
			sourceTree = "<group>";
		};
		D5CDD99222950B05004D21FB /* Teecee-CoderUITests */ = {
			isa = PBXGroup;
			children = (
				D5CDD99322950B05004D21FB /* Teecee_CoderUITests.swift */,
				D5CDD99522950B05004D21FB /* Info.plist */,
			);
			path = "Teecee-CoderUITests";
			sourceTree = "<group>";
		};
/* End PBXGroup section */

/* Begin PBXNativeTarget section */
		D5CDD97122950B03004D21FB /* Teecee-Coder */ = {
			isa = PBXNativeTarget;
			buildConfigurationList = D5CDD99822950B05004D21FB /* Build configuration list for PBXNativeTarget "Teecee-Coder" */;
			buildPhases = (
				25DA8815782E745988D5E8C1 /* [CP] Check Pods Manifest.lock */,
				D5CDD96E22950B03004D21FB /* Sources */,
				D5CDD96F22950B03004D21FB /* Frameworks */,
				D5CDD97022950B03004D21FB /* Resources */,
				F357CB29DFB7A882ED842DF2 /* [CP] Embed Pods Frameworks */,
			);
			buildRules = (
			);
			dependencies = (
			);
			name = "Teecee-Coder";
			productName = "Teecee-Coder";
			productReference = D5CDD97222950B03004D21FB /* Teecee-Coder.app */;
			productType = "com.apple.product-type.application";
		};
		D5CDD98322950B05004D21FB /* Teecee-CoderTests */ = {
			isa = PBXNativeTarget;
			buildConfigurationList = D5CDD99B22950B05004D21FB /* Build configuration list for PBXNativeTarget "Teecee-CoderTests" */;
			buildPhases = (
				901577FEB5232C67A408BC8F /* [CP] Check Pods Manifest.lock */,
				D5CDD98022950B05004D21FB /* Sources */,
				D5CDD98122950B05004D21FB /* Frameworks */,
				D5CDD98222950B05004D21FB /* Resources */,
			);
			buildRules = (
			);
			dependencies = (
				D5CDD98622950B05004D21FB /* PBXTargetDependency */,
			);
			name = "Teecee-CoderTests";
			productName = "Teecee-CoderTests";
			productReference = D5CDD98422950B05004D21FB /* Teecee-CoderTests.xctest */;
			productType = "com.apple.product-type.bundle.unit-test";
		};
		D5CDD98E22950B05004D21FB /* Teecee-CoderUITests */ = {
			isa = PBXNativeTarget;
			buildConfigurationList = D5CDD99E22950B05004D21FB /* Build configuration list for PBXNativeTarget "Teecee-CoderUITests" */;
			buildPhases = (
				EED2648C35C6355E2A601D35 /* [CP] Check Pods Manifest.lock */,
				D5CDD98B22950B05004D21FB /* Sources */,
				D5CDD98C22950B05004D21FB /* Frameworks */,
				D5CDD98D22950B05004D21FB /* Resources */,
			);
			buildRules = (
			);
			dependencies = (
				D5CDD99122950B05004D21FB /* PBXTargetDependency */,
			);
			name = "Teecee-CoderUITests";
			productName = "Teecee-CoderUITests";
			productReference = D5CDD98F22950B05004D21FB /* Teecee-CoderUITests.xctest */;
			productType = "com.apple.product-type.bundle.ui-testing";
		};
/* End PBXNativeTarget section */

/* Begin PBXProject section */
		D5CDD96A22950B03004D21FB /* Project object */ = {
			isa = PBXProject;
			attributes = {
				LastSwiftUpdateCheck = 1010;
				LastUpgradeCheck = 1010;
				ORGANIZATIONNAME = "Joseph Mckenzie";
				TargetAttributes = {
					D5CDD97122950B03004D21FB = {
						CreatedOnToolsVersion = 10.1;
						SystemCapabilities = {
							com.apple.Sandbox = {
								enabled = 0;
							};
						};
					};
					D5CDD98322950B05004D21FB = {
						CreatedOnToolsVersion = 10.1;
						TestTargetID = D5CDD97122950B03004D21FB;
					};
					D5CDD98E22950B05004D21FB = {
						CreatedOnToolsVersion = 10.1;
						TestTargetID = D5CDD97122950B03004D21FB;
					};
				};
			};
			buildConfigurationList = D5CDD96D22950B03004D21FB /* Build configuration list for PBXProject "Teecee-Coder" */;
			compatibilityVersion = "Xcode 9.3";
			developmentRegion = en;
			hasScannedForEncodings = 0;
			knownRegions = (
				en,
				Base,
			);
			mainGroup = D5CDD96922950B03004D21FB;
			productRefGroup = D5CDD97322950B03004D21FB /* Products */;
			projectDirPath = "";
			projectRoot = "";
			targets = (
				D5CDD97122950B03004D21FB /* Teecee-Coder */,
				D5CDD98322950B05004D21FB /* Teecee-CoderTests */,
				D5CDD98E22950B05004D21FB /* Teecee-CoderUITests */,
			);
		};
/* End PBXProject section */

/* Begin PBXResourcesBuildPhase section */
		D5CDD97022950B03004D21FB /* Resources */ = {
			isa = PBXResourcesBuildPhase;
			buildActionMask = 2147483647;
			files = (
				D5CDD97A22950B05004D21FB /* Assets.xcassets in Resources */,
				D5CDD97D22950B05004D21FB /* Main.storyboard in Resources */,
			);
			runOnlyForDeploymentPostprocessing = 0;
		};
		D5CDD98222950B05004D21FB /* Resources */ = {
			isa = PBXResourcesBuildPhase;
			buildActionMask = 2147483647;
			files = (
			);
			runOnlyForDeploymentPostprocessing = 0;
		};
		D5CDD98D22950B05004D21FB /* Resources */ = {
			isa = PBXResourcesBuildPhase;
			buildActionMask = 2147483647;
			files = (
			);
			runOnlyForDeploymentPostprocessing = 0;
		};
/* End PBXResourcesBuildPhase section */

/* Begin PBXShellScriptBuildPhase section */
		25DA8815782E745988D5E8C1 /* [CP] Check Pods Manifest.lock */ = {
			isa = PBXShellScriptBuildPhase;
			buildActionMask = 2147483647;
			files = (
			);
			inputFileListPaths = (
			);
			inputPaths = (
				"${PODS_PODFILE_DIR_PATH}/Podfile.lock",
				"${PODS_ROOT}/Manifest.lock",
			);
			name = "[CP] Check Pods Manifest.lock";
			outputFileListPaths = (
			);
			outputPaths = (
				"$(DERIVED_FILE_DIR)/Pods-Teecee-Coder-checkManifestLockResult.txt",
			);
			runOnlyForDeploymentPostprocessing = 0;
			shellPath = /bin/sh;
			shellScript = "diff \"${PODS_PODFILE_DIR_PATH}/Podfile.lock\" \"${PODS_ROOT}/Manifest.lock\" > /dev/null\nif [ $? != 0 ] ; then\n    # print error to STDERR\n    echo \"error: The sandbox is not in sync with the Podfile.lock. Run 'pod install' or update your CocoaPods installation.\" >&2\n    exit 1\nfi\n# This output is used by Xcode 'outputs' to avoid re-running this script phase.\necho \"SUCCESS\" > \"${SCRIPT_OUTPUT_FILE_0}\"\n";
			showEnvVarsInLog = 0;
		};
		901577FEB5232C67A408BC8F /* [CP] Check Pods Manifest.lock */ = {
			isa = PBXShellScriptBuildPhase;
			buildActionMask = 2147483647;
			files = (
			);
			inputFileListPaths = (
			);
			inputPaths = (
				"${PODS_PODFILE_DIR_PATH}/Podfile.lock",
				"${PODS_ROOT}/Manifest.lock",
			);
			name = "[CP] Check Pods Manifest.lock";
			outputFileListPaths = (
			);
			outputPaths = (
				"$(DERIVED_FILE_DIR)/Pods-Teecee-CoderTests-checkManifestLockResult.txt",
			);
			runOnlyForDeploymentPostprocessing = 0;
			shellPath = /bin/sh;
			shellScript = "diff \"${PODS_PODFILE_DIR_PATH}/Podfile.lock\" \"${PODS_ROOT}/Manifest.lock\" > /dev/null\nif [ $? != 0 ] ; then\n    # print error to STDERR\n    echo \"error: The sandbox is not in sync with the Podfile.lock. Run 'pod install' or update your CocoaPods installation.\" >&2\n    exit 1\nfi\n# This output is used by Xcode 'outputs' to avoid re-running this script phase.\necho \"SUCCESS\" > \"${SCRIPT_OUTPUT_FILE_0}\"\n";
			showEnvVarsInLog = 0;
		};
		EED2648C35C6355E2A601D35 /* [CP] Check Pods Manifest.lock */ = {
			isa = PBXShellScriptBuildPhase;
			buildActionMask = 2147483647;
			files = (
			);
			inputFileListPaths = (
			);
			inputPaths = (
				"${PODS_PODFILE_DIR_PATH}/Podfile.lock",
				"${PODS_ROOT}/Manifest.lock",
			);
			name = "[CP] Check Pods Manifest.lock";
			outputFileListPaths = (
			);
			outputPaths = (
				"$(DERIVED_FILE_DIR)/Pods-Teecee-CoderUITests-checkManifestLockResult.txt",
			);
			runOnlyForDeploymentPostprocessing = 0;
			shellPath = /bin/sh;
			shellScript = "diff \"${PODS_PODFILE_DIR_PATH}/Podfile.lock\" \"${PODS_ROOT}/Manifest.lock\" > /dev/null\nif [ $? != 0 ] ; then\n    # print error to STDERR\n    echo \"error: The sandbox is not in sync with the Podfile.lock. Run 'pod install' or update your CocoaPods installation.\" >&2\n    exit 1\nfi\n# This output is used by Xcode 'outputs' to avoid re-running this script phase.\necho \"SUCCESS\" > \"${SCRIPT_OUTPUT_FILE_0}\"\n";
			showEnvVarsInLog = 0;
		};
		F357CB29DFB7A882ED842DF2 /* [CP] Embed Pods Frameworks */ = {
			isa = PBXShellScriptBuildPhase;
			buildActionMask = 2147483647;
			files = (
			);
			inputFileListPaths = (
			);
			inputPaths = (
				"${SRCROOT}/Pods/Target Support Files/Pods-Teecee-Coder/Pods-Teecee-Coder-frameworks.sh",
				"${BUILT_PRODUCTS_DIR}/Alamofire/Alamofire.framework",
				"${BUILT_PRODUCTS_DIR}/SwiftSocket/SwiftSocket.framework",
			);
			name = "[CP] Embed Pods Frameworks";
			outputFileListPaths = (
			);
			outputPaths = (
				"${TARGET_BUILD_DIR}/${FRAMEWORKS_FOLDER_PATH}/Alamofire.framework",
				"${TARGET_BUILD_DIR}/${FRAMEWORKS_FOLDER_PATH}/SwiftSocket.framework",
			);
			runOnlyForDeploymentPostprocessing = 0;
			shellPath = /bin/sh;
			shellScript = "\"${SRCROOT}/Pods/Target Support Files/Pods-Teecee-Coder/Pods-Teecee-Coder-frameworks.sh\"\n";
			showEnvVarsInLog = 0;
		};
/* End PBXShellScriptBuildPhase section */

/* Begin PBXSourcesBuildPhase section */
		D5CDD96E22950B03004D21FB /* Sources */ = {
			isa = PBXSourcesBuildPhase;
			buildActionMask = 2147483647;
			files = (
				D5CDD97822950B03004D21FB /* ViewController.swift in Sources */,
				D5CDD97622950B03004D21FB /* AppDelegate.swift in Sources */,
				D5FF014D229B7738004FFCB9 /* Reachability.swift in Sources */,
			);
			runOnlyForDeploymentPostprocessing = 0;
		};
		D5CDD98022950B05004D21FB /* Sources */ = {
			isa = PBXSourcesBuildPhase;
			buildActionMask = 2147483647;
			files = (
				D5CDD98922950B05004D21FB /* Teecee_CoderTests.swift in Sources */,
			);
			runOnlyForDeploymentPostprocessing = 0;
		};
		D5CDD98B22950B05004D21FB /* Sources */ = {
			isa = PBXSourcesBuildPhase;
			buildActionMask = 2147483647;
			files = (
				D5CDD99422950B05004D21FB /* Teecee_CoderUITests.swift in Sources */,
			);
			runOnlyForDeploymentPostprocessing = 0;
		};
/* End PBXSourcesBuildPhase section */

/* Begin PBXTargetDependency section */
		D5CDD98622950B05004D21FB /* PBXTargetDependency */ = {
			isa = PBXTargetDependency;
			target = D5CDD97122950B03004D21FB /* Teecee-Coder */;
			targetProxy = D5CDD98522950B05004D21FB /* PBXContainerItemProxy */;
		};
		D5CDD99122950B05004D21FB /* PBXTargetDependency */ = {
			isa = PBXTargetDependency;
			target = D5CDD97122950B03004D21FB /* Teecee-Coder */;
			targetProxy = D5CDD99022950B05004D21FB /* PBXContainerItemProxy */;
		};
/* End PBXTargetDependency section */

/* Begin PBXVariantGroup section */
		D5CDD97B22950B05004D21FB /* Main.storyboard */ = {
			isa = PBXVariantGroup;
			children = (
				D5CDD97C22950B05004D21FB /* Base */,
			);
			name = Main.storyboard;
			sourceTree = "<group>";
		};
/* End PBXVariantGroup section */

/* Begin XCBuildConfiguration section */
		D5CDD99622950B05004D21FB /* Debug */ = {
			isa = XCBuildConfiguration;
			buildSettings = {
				ALWAYS_SEARCH_USER_PATHS = NO;
				CLANG_ANALYZER_NONNULL = YES;
				CLANG_ANALYZER_NUMBER_OBJECT_CONVERSION = YES_AGGRESSIVE;
				CLANG_CXX_LANGUAGE_STANDARD = "gnu++14";
				CLANG_CXX_LIBRARY = "libc++";
				CLANG_ENABLE_MODULES = YES;
				CLANG_ENABLE_OBJC_ARC = YES;
				CLANG_ENABLE_OBJC_WEAK = YES;
				CLANG_WARN_BLOCK_CAPTURE_AUTORELEASING = YES;
				CLANG_WARN_BOOL_CONVERSION = YES;
				CLANG_WARN_COMMA = YES;
				CLANG_WARN_CONSTANT_CONVERSION = YES;
				CLANG_WARN_DEPRECATED_OBJC_IMPLEMENTATIONS = YES;
				CLANG_WARN_DIRECT_OBJC_ISA_USAGE = YES_ERROR;
				CLANG_WARN_DOCUMENTATION_COMMENTS = YES;
				CLANG_WARN_EMPTY_BODY = YES;
				CLANG_WARN_ENUM_CONVERSION = YES;
				CLANG_WARN_INFINITE_RECURSION = YES;
				CLANG_WARN_INT_CONVERSION = YES;
				CLANG_WARN_NON_LITERAL_NULL_CONVERSION = YES;
				CLANG_WARN_OBJC_IMPLICIT_RETAIN_SELF = YES;
				CLANG_WARN_OBJC_LITERAL_CONVERSION = YES;
				CLANG_WARN_OBJC_ROOT_CLASS = YES_ERROR;
				CLANG_WARN_RANGE_LOOP_ANALYSIS = YES;
				CLANG_WARN_STRICT_PROTOTYPES = YES;
				CLANG_WARN_SUSPICIOUS_MOVE = YES;
				CLANG_WARN_UNGUARDED_AVAILABILITY = YES_AGGRESSIVE;
				CLANG_WARN_UNREACHABLE_CODE = YES;
				CLANG_WARN__DUPLICATE_METHOD_MATCH = YES;
				CODE_SIGN_IDENTITY = "Mac Developer";
				COPY_PHASE_STRIP = NO;
				DEBUG_INFORMATION_FORMAT = dwarf;
				ENABLE_STRICT_OBJC_MSGSEND = YES;
				ENABLE_TESTABILITY = YES;
				GCC_C_LANGUAGE_STANDARD = gnu11;
				GCC_DYNAMIC_NO_PIC = NO;
				GCC_NO_COMMON_BLOCKS = YES;
				GCC_OPTIMIZATION_LEVEL = 0;
				GCC_PREPROCESSOR_DEFINITIONS = (
					"DEBUG=1",
					"$(inherited)",
				);
				GCC_WARN_64_TO_32_BIT_CONVERSION = YES;
				GCC_WARN_ABOUT_RETURN_TYPE = YES_ERROR;
				GCC_WARN_UNDECLARED_SELECTOR = YES;
				GCC_WARN_UNINITIALIZED_AUTOS = YES_AGGRESSIVE;
				GCC_WARN_UNUSED_FUNCTION = YES;
				GCC_WARN_UNUSED_VARIABLE = YES;
				MACOSX_DEPLOYMENT_TARGET = 10.14;
				MTL_ENABLE_DEBUG_INFO = INCLUDE_SOURCE;
				MTL_FAST_MATH = YES;
				ONLY_ACTIVE_ARCH = YES;
				SDKROOT = macosx;
				SWIFT_ACTIVE_COMPILATION_CONDITIONS = DEBUG;
				SWIFT_OPTIMIZATION_LEVEL = "-Onone";
			};
			name = Debug;
		};
		D5CDD99722950B05004D21FB /* Release */ = {
			isa = XCBuildConfiguration;
			buildSettings = {
				ALWAYS_SEARCH_USER_PATHS = NO;
				CLANG_ANALYZER_NONNULL = YES;
				CLANG_ANALYZER_NUMBER_OBJECT_CONVERSION = YES_AGGRESSIVE;
				CLANG_CXX_LANGUAGE_STANDARD = "gnu++14";
				CLANG_CXX_LIBRARY = "libc++";
				CLANG_ENABLE_MODULES = YES;
				CLANG_ENABLE_OBJC_ARC = YES;
				CLANG_ENABLE_OBJC_WEAK = YES;
				CLANG_WARN_BLOCK_CAPTURE_AUTORELEASING = YES;
				CLANG_WARN_BOOL_CONVERSION = YES;
				CLANG_WARN_COMMA = YES;
				CLANG_WARN_CONSTANT_CONVERSION = YES;
				CLANG_WARN_DEPRECATED_OBJC_IMPLEMENTATIONS = YES;
				CLANG_WARN_DIRECT_OBJC_ISA_USAGE = YES_ERROR;
				CLANG_WARN_DOCUMENTATION_COMMENTS = YES;
				CLANG_WARN_EMPTY_BODY = YES;
				CLANG_WARN_ENUM_CONVERSION = YES;
				CLANG_WARN_INFINITE_RECURSION = YES;
				CLANG_WARN_INT_CONVERSION = YES;
				CLANG_WARN_NON_LITERAL_NULL_CONVERSION = YES;
				CLANG_WARN_OBJC_IMPLICIT_RETAIN_SELF = YES;
				CLANG_WARN_OBJC_LITERAL_CONVERSION = YES;
				CLANG_WARN_OBJC_ROOT_CLASS = YES_ERROR;
				CLANG_WARN_RANGE_LOOP_ANALYSIS = YES;
				CLANG_WARN_STRICT_PROTOTYPES = YES;
				CLANG_WARN_SUSPICIOUS_MOVE = YES;
				CLANG_WARN_UNGUARDED_AVAILABILITY = YES_AGGRESSIVE;
				CLANG_WARN_UNREACHABLE_CODE = YES;
				CLANG_WARN__DUPLICATE_METHOD_MATCH = YES;
				CODE_SIGN_IDENTITY = "Mac Developer";
				COPY_PHASE_STRIP = NO;
				DEBUG_INFORMATION_FORMAT = "dwarf-with-dsym";
				ENABLE_NS_ASSERTIONS = NO;
				ENABLE_STRICT_OBJC_MSGSEND = YES;
				GCC_C_LANGUAGE_STANDARD = gnu11;
				GCC_NO_COMMON_BLOCKS = YES;
				GCC_WARN_64_TO_32_BIT_CONVERSION = YES;
				GCC_WARN_ABOUT_RETURN_TYPE = YES_ERROR;
				GCC_WARN_UNDECLARED_SELECTOR = YES;
				GCC_WARN_UNINITIALIZED_AUTOS = YES_AGGRESSIVE;
				GCC_WARN_UNUSED_FUNCTION = YES;
				GCC_WARN_UNUSED_VARIABLE = YES;
				MACOSX_DEPLOYMENT_TARGET = 10.14;
				MTL_ENABLE_DEBUG_INFO = NO;
				MTL_FAST_MATH = YES;
				SDKROOT = macosx;
				SWIFT_COMPILATION_MODE = wholemodule;
				SWIFT_OPTIMIZATION_LEVEL = "-O";
			};
			name = Release;
		};
		D5CDD99922950B05004D21FB /* Debug */ = {
			isa = XCBuildConfiguration;
			baseConfigurationReference = 4B81722B3B19C9CEDACF4D34 /* Pods-Teecee-Coder.debug.xcconfig */;
			buildSettings = {
				ASSETCATALOG_COMPILER_APPICON_NAME = AppIcon;
				CODE_SIGN_IDENTITY = "Mac Developer";
				CODE_SIGN_STYLE = Automatic;
				COMBINE_HIDPI_IMAGES = YES;
				DEVELOPMENT_TEAM = 86DHP8J6JK;
				INFOPLIST_FILE = "Teecee-Coder/Info.plist";
				LD_RUNPATH_SEARCH_PATHS = (
					"$(inherited)",
					"@executable_path/../Frameworks",
				);
				PRODUCT_BUNDLE_IDENTIFIER = "josephmckenzie.Teecee-Coder";
				PRODUCT_NAME = "$(TARGET_NAME)";
				PROVISIONING_PROFILE_SPECIFIER = "";
				SWIFT_VERSION = 4.2;
			};
			name = Debug;
		};
		D5CDD99A22950B05004D21FB /* Release */ = {
			isa = XCBuildConfiguration;
			baseConfigurationReference = FDC0B8E2C306BAD99BD52992 /* Pods-Teecee-Coder.release.xcconfig */;
			buildSettings = {
				ASSETCATALOG_COMPILER_APPICON_NAME = AppIcon;
				CODE_SIGN_IDENTITY = "Mac Developer";
				CODE_SIGN_STYLE = Automatic;
				COMBINE_HIDPI_IMAGES = YES;
				DEVELOPMENT_TEAM = 86DHP8J6JK;
				INFOPLIST_FILE = "Teecee-Coder/Info.plist";
				LD_RUNPATH_SEARCH_PATHS = (
					"$(inherited)",
					"@executable_path/../Frameworks",
				);
				PRODUCT_BUNDLE_IDENTIFIER = "josephmckenzie.Teecee-Coder";
				PRODUCT_NAME = "$(TARGET_NAME)";
				PROVISIONING_PROFILE_SPECIFIER = "";
				SWIFT_VERSION = 4.2;
			};
			name = Release;
		};
		D5CDD99C22950B05004D21FB /* Debug */ = {
			isa = XCBuildConfiguration;
			baseConfigurationReference = 089A912BE064536E7B046A6D /* Pods-Teecee-CoderTests.debug.xcconfig */;
			buildSettings = {
				ALWAYS_EMBED_SWIFT_STANDARD_LIBRARIES = YES;
				BUNDLE_LOADER = "$(TEST_HOST)";
				CODE_SIGN_STYLE = Automatic;
				COMBINE_HIDPI_IMAGES = YES;
				DEVELOPMENT_TEAM = 86DHP8J6JK;
				INFOPLIST_FILE = "Teecee-CoderTests/Info.plist";
				LD_RUNPATH_SEARCH_PATHS = (
					"$(inherited)",
					"@executable_path/../Frameworks",
					"@loader_path/../Frameworks",
				);
				PRODUCT_BUNDLE_IDENTIFIER = "josephmckenzie.Teecee-CoderTests";
				PRODUCT_NAME = "$(TARGET_NAME)";
				SWIFT_VERSION = 4.2;
				TEST_HOST = "$(BUILT_PRODUCTS_DIR)/Teecee-Coder.app/Contents/MacOS/Teecee-Coder";
			};
			name = Debug;
		};
		D5CDD99D22950B05004D21FB /* Release */ = {
			isa = XCBuildConfiguration;
			baseConfigurationReference = 5A8C7FBA0D1453A6FAB2BAF0 /* Pods-Teecee-CoderTests.release.xcconfig */;
			buildSettings = {
				ALWAYS_EMBED_SWIFT_STANDARD_LIBRARIES = YES;
				BUNDLE_LOADER = "$(TEST_HOST)";
				CODE_SIGN_STYLE = Automatic;
				COMBINE_HIDPI_IMAGES = YES;
				DEVELOPMENT_TEAM = 86DHP8J6JK;
				INFOPLIST_FILE = "Teecee-CoderTests/Info.plist";
				LD_RUNPATH_SEARCH_PATHS = (
					"$(inherited)",
					"@executable_path/../Frameworks",
					"@loader_path/../Frameworks",
				);
				PRODUCT_BUNDLE_IDENTIFIER = "josephmckenzie.Teecee-CoderTests";
				PRODUCT_NAME = "$(TARGET_NAME)";
				SWIFT_VERSION = 4.2;
				TEST_HOST = "$(BUILT_PRODUCTS_DIR)/Teecee-Coder.app/Contents/MacOS/Teecee-Coder";
			};
			name = Release;
		};
		D5CDD99F22950B05004D21FB /* Debug */ = {
			isa = XCBuildConfiguration;
			baseConfigurationReference = 2C82D153589524631950041A /* Pods-Teecee-CoderUITests.debug.xcconfig */;
			buildSettings = {
				ALWAYS_EMBED_SWIFT_STANDARD_LIBRARIES = YES;
				CODE_SIGN_STYLE = Automatic;
				COMBINE_HIDPI_IMAGES = YES;
				DEVELOPMENT_TEAM = 86DHP8J6JK;
				INFOPLIST_FILE = "Teecee-CoderUITests/Info.plist";
				LD_RUNPATH_SEARCH_PATHS = (
					"$(inherited)",
					"@executable_path/../Frameworks",
					"@loader_path/../Frameworks",
				);
				PRODUCT_BUNDLE_IDENTIFIER = "josephmckenzie.Teecee-CoderUITests";
				PRODUCT_NAME = "$(TARGET_NAME)";
				SWIFT_VERSION = 4.2;
				TEST_TARGET_NAME = "Teecee-Coder";
			};
			name = Debug;
		};
		D5CDD9A022950B05004D21FB /* Release */ = {
			isa = XCBuildConfiguration;
			baseConfigurationReference = 1B48FE51C87FF340369BC48C /* Pods-Teecee-CoderUITests.release.xcconfig */;
			buildSettings = {
				ALWAYS_EMBED_SWIFT_STANDARD_LIBRARIES = YES;
				CODE_SIGN_STYLE = Automatic;
				COMBINE_HIDPI_IMAGES = YES;
				DEVELOPMENT_TEAM = 86DHP8J6JK;
				INFOPLIST_FILE = "Teecee-CoderUITests/Info.plist";
				LD_RUNPATH_SEARCH_PATHS = (
					"$(inherited)",
					"@executable_path/../Frameworks",
					"@loader_path/../Frameworks",
				);
				PRODUCT_BUNDLE_IDENTIFIER = "josephmckenzie.Teecee-CoderUITests";
				PRODUCT_NAME = "$(TARGET_NAME)";
				SWIFT_VERSION = 4.2;
				TEST_TARGET_NAME = "Teecee-Coder";
			};
			name = Release;
		};
/* End XCBuildConfiguration section */

/* Begin XCConfigurationList section */
		D5CDD96D22950B03004D21FB /* Build configuration list for PBXProject "Teecee-Coder" */ = {
			isa = XCConfigurationList;
			buildConfigurations = (
				D5CDD99622950B05004D21FB /* Debug */,
				D5CDD99722950B05004D21FB /* Release */,
			);
			defaultConfigurationIsVisible = 0;
			defaultConfigurationName = Release;
		};
		D5CDD99822950B05004D21FB /* Build configuration list for PBXNativeTarget "Teecee-Coder" */ = {
			isa = XCConfigurationList;
			buildConfigurations = (
				D5CDD99922950B05004D21FB /* Debug */,
				D5CDD99A22950B05004D21FB /* Release */,
			);
			defaultConfigurationIsVisible = 0;
			defaultConfigurationName = Release;
		};
		D5CDD99B22950B05004D21FB /* Build configuration list for PBXNativeTarget "Teecee-CoderTests" */ = {
			isa = XCConfigurationList;
			buildConfigurations = (
				D5CDD99C22950B05004D21FB /* Debug */,
				D5CDD99D22950B05004D21FB /* Release */,
			);
			defaultConfigurationIsVisible = 0;
			defaultConfigurationName = Release;
		};
		D5CDD99E22950B05004D21FB /* Build configuration list for PBXNativeTarget "Teecee-CoderUITests" */ = {
			isa = XCConfigurationList;
			buildConfigurations = (
				D5CDD99F22950B05004D21FB /* Debug */,
				D5CDD9A022950B05004D21FB /* Release */,
			);
			defaultConfigurationIsVisible = 0;
			defaultConfigurationName = Release;
		};
/* End XCConfigurationList section */
	};
	rootObject = D5CDD96A22950B03004D21FB /* Project object */;
}
